hash: fda5145118631a834a6fec21387d8baa609cb1781948c1431632fbf845a25cf5
updated: 2018-01-26T09:33:18.74019-05:00
imports:
- name: github.com/aws/aws-sdk-go
  version: 9ed0c8de252f04ac45a65358377103d5a1aa2d92
- name: github.com/davecgh/go-spew
  version: 346938d642f2ec3594ed81d874461961cd0faa76
- name: github.com/fsnotify/fsnotify
  version: 629574ca2a5df945712d3079857300b5e4da0236
- name: github.com/golang/groupcache
  version: 02826c3e79038b59d737d3b1c0a1d937f71a4433
- name: github.com/gorilla/mux
  version: 7f08801859139f86dfafd1c296e2cba9a80d292e
- name: github.com/spf13/afero
  version: ec3a3111d1e1bdff38a61e09d5a5f5e974905611
- name: github.com/stretchr/testify
  version: b91bfb9ebec76498946beb6af7c0230c7cc7ba6c
- name: go.uber.org/zap
  version: 35aad584952c3e7020db7b839f6b102de6271f89
- name: k8s.io/apiextensions-apiserver
  version: 097c49c1906b3527571b6876c7bf47c4487f6c61
- name: k8s.io/client-go
  version: 78700dec6369ba22221b72770783300f143df150
- name: k8s.io/code-generator
  version: fef8bcdbaf36ac6a1a18c9ef7d85200b249fad30
testImports: []
